
Microsoft Visual Studio Solution File, Format Version 12.00
# Visual Studio Version 16
VisualStudioVersion = 16.0.30204.135
MinimumVisualStudioVersion = 10.0.40219.1
Project("{FAE04EC0-301F-11D3-BF4B-00C04F79EFBC}") = "GeometryWithInterfaces", "GeometryWithInterfaces\GeometryWithInterfaces.csproj", "{5C8397C6-9E8D-4743-B191-00A99CD51EB0}"
EndProject
Global
	GlobalSection(SolutionConfigurationPlatforms) = preSolution
		Debug|Any CPU = Debug|Any CPU
		Release|Any CPU = Release|Any CPU
	EndGlobalSection
	GlobalSection(ProjectConfigurationPlatforms) = postSolution
		{5C8397C6-9E8D-4743-B191-00A99CD51EB0}.Debug|Any CPU.ActiveCfg = Debug|Any CPU
		{5C8397C6-9E8D-4743-B191-00A99CD51EB0}.Debug|Any CPU.Build.0 = Debug|Any CPU
		{5C8397C6-9E8D-4743-B191-00A99CD51EB0}.Release|Any CPU.ActiveCfg = Release|Any CPU
		{5C8397C6-9E8D-4743-B191-00A99CD51EB0}.Release|Any CPU.Build.0 = Release|Any CPU
	EndGlobalSection
	GlobalSection(SolutionProperties) = preSolution
		HideSolutionNode = FALSE
	EndGlobalSection
	GlobalSection(ExtensibilityGlobals) = postSolution
		SolutionGuid = {77D1512B-9811-48F1-A867-77D202850147}
	EndGlobalSection
EndGlobal
